
Microsoft Visual Studio Solution File, Format Version 12.00
# Visual Studio Version 16
VisualStudioVersion = 16.0.30114.105
MinimumVisualStudioVersion = 10.0.40219.1
Project("{FAE04EC0-301F-11D3-BF4B-00C04F79EFBC}") = "HidingPrac", "HidingPrac\HidingPrac.csproj", "{FFC201EB-497E-4CC6-82F5-823F626E7D00}"
EndProject
Global
	GlobalSection(SolutionConfigurationPlatforms) = preSolution
		Debug|Any CPU = Debug|Any CPU
		Release|Any CPU = Release|Any CPU
	EndGlobalSection
	GlobalSection(ProjectConfigurationPlatforms) = postSolution
		{FFC201EB-497E-4CC6-82F5-823F626E7D00}.Debug|Any CPU.ActiveCfg = Debug|Any CPU
		{FFC201EB-497E-4CC6-82F5-823F626E7D00}.Debug|Any CPU.Build.0 = Debug|Any CPU
		{FFC201EB-497E-4CC6-82F5-823F626E7D00}.Release|Any CPU.ActiveCfg = Release|Any CPU
		{FFC201EB-497E-4CC6-82F5-823F626E7D00}.Release|Any CPU.Build.0 = Release|Any CPU
	EndGlobalSection
	GlobalSection(SolutionProperties) = preSolution
		HideSolutionNode = FALSE
	EndGlobalSection
	GlobalSection(ExtensibilityGlobals) = postSolution
		SolutionGuid = {B33275C3-06DE-4F81-BB83-A9E14FF33109}
	EndGlobalSection
EndGlobal
